
Microsoft Visual Studio Solution File, Format Version 12.00
# Visual Studio Version 17
VisualStudioVersion = 17.0.31919.166
MinimumVisualStudioVersion = 10.0.40219.1
Project("{9A19103F-16F7-4668-BE54-9A1E7A4F7556}") = "ProjectTracker_API", "ProjectTracker_API.csproj", "{290695C8-8E88-46B7-8485-4D950F3299E1}"
EndProject
Project("{FAE04EC0-301F-11D3-BF4B-00C04F79EFBC}") = "ProjectTracker.Test", "..\ProjectTracker.Test\ProjectTracker.Test.csproj", "{E66CCC98-5781-46C0-AE07-3E005D719F49}"
EndProject
Global
	GlobalSection(SolutionConfigurationPlatforms) = preSolution
		Debug|Any CPU = Debug|Any CPU
		Release|Any CPU = Release|Any CPU
	EndGlobalSection
	GlobalSection(ProjectConfigurationPlatforms) = postSolution
		{290695C8-8E88-46B7-8485-4D950F3299E1}.Debug|Any CPU.ActiveCfg = Debug|Any CPU
		{290695C8-8E88-46B7-8485-4D950F3299E1}.Debug|Any CPU.Build.0 = Debug|Any CPU
		{290695C8-8E88-46B7-8485-4D950F3299E1}.Release|Any CPU.ActiveCfg = Release|Any CPU
		{290695C8-8E88-46B7-8485-4D950F3299E1}.Release|Any CPU.Build.0 = Release|Any CPU
		{E66CCC98-5781-46C0-AE07-3E005D719F49}.Debug|Any CPU.ActiveCfg = Debug|Any CPU
		{E66CCC98-5781-46C0-AE07-3E005D719F49}.Debug|Any CPU.Build.0 = Debug|Any CPU
		{E66CCC98-5781-46C0-AE07-3E005D719F49}.Release|Any CPU.ActiveCfg = Release|Any CPU
		{E66CCC98-5781-46C0-AE07-3E005D719F49}.Release|Any CPU.Build.0 = Release|Any CPU
	EndGlobalSection
	GlobalSection(SolutionProperties) = preSolution
		HideSolutionNode = FALSE
	EndGlobalSection
	GlobalSection(ExtensibilityGlobals) = postSolution
		SolutionGuid = {834EE018-1506-49A8-98C9-0F54B04BC4C1}
	EndGlobalSection
EndGlobal
